// !$*UTF8*$!
{
	archiveVersion = 1;
	classes = {
	};
	objectVersion = 56;
	objects = {

/* Begin PBXBuildFile section */
		BDAE19F52A8A6B4E00C06C69 /* kwkApp.swift in Sources */ = {isa = PBXBuildFile; fileRef = BDAE19F42A8A6B4E00C06C69 /* kwkApp.swift */; };
		BDAE19F72A8A6B4E00C06C69 /* ContentView.swift in Sources */ = {isa = PBXBuildFile; fileRef = BDAE19F62A8A6B4E00C06C69 /* ContentView.swift */; };
		BDAE19F92A8A6B5300C06C69 /* Assets.xcassets in Resources */ = {isa = PBXBuildFile; fileRef = BDAE19F82A8A6B5300C06C69 /* Assets.xcassets */; };
		BDAE19FC2A8A6B5300C06C69 /* Preview Assets.xcassets in Resources */ = {isa = PBXBuildFile; fileRef = BDAE19FB2A8A6B5300C06C69 /* Preview Assets.xcassets */; };
		BDAE1A062A8A6B5400C06C69 /* kwkTests.swift in Sources */ = {isa = PBXBuildFile; fileRef = BDAE1A052A8A6B5400C06C69 /* kwkTests.swift */; };
		BDAE1A102A8A6B5400C06C69 /* kwkUITests.swift in Sources */ = {isa = PBXBuildFile; fileRef = BDAE1A0F2A8A6B5400C06C69 /* kwkUITests.swift */; };
		BDAE1A122A8A6B5400C06C69 /* kwkUITestsLaunchTests.swift in Sources */ = {isa = PBXBuildFile; fileRef = BDAE1A112A8A6B5400C06C69 /* kwkUITestsLaunchTests.swift */; };
/* End PBXBuildFile section */

/* Begin PBXContainerItemProxy section */
		BDAE1A022A8A6B5400C06C69 /* PBXContainerItemProxy */ = {
			isa = PBXContainerItemProxy;
			containerPortal = BDAE19E92A8A6B4E00C06C69 /* Project object */;
			proxyType = 1;
			remoteGlobalIDString = BDAE19F02A8A6B4E00C06C69;
			remoteInfo = kwk;
		};
		BDAE1A0C2A8A6B5400C06C69 /* PBXContainerItemProxy */ = {
			isa = PBXContainerItemProxy;
			containerPortal = BDAE19E92A8A6B4E00C06C69 /* Project object */;
			proxyType = 1;
			remoteGlobalIDString = BDAE19F02A8A6B4E00C06C69;
			remoteInfo = kwk;
		};
/* End PBXContainerItemProxy section */

/* Begin PBXFileReference section */
		BDAE19F12A8A6B4E00C06C69 /* kwk.app */ = {isa = PBXFileReference; explicitFileType = wrapper.application; includeInIndex = 0; path = kwk.app; sourceTree = BUILT_PRODUCTS_DIR; };
		BDAE19F42A8A6B4E00C06C69 /* kwkApp.swift */ = {isa = PBXFileReference; lastKnownFileType = sourcecode.swift; path = kwkApp.swift; sourceTree = "<group>"; };
		BDAE19F62A8A6B4E00C06C69 /* ContentView.swift */ = {isa = PBXFileReference; lastKnownFileType = sourcecode.swift; path = ContentView.swift; sourceTree = "<group>"; };
		BDAE19F82A8A6B5300C06C69 /* Assets.xcassets */ = {isa = PBXFileReference; lastKnownFileType = folder.assetcatalog; path = Assets.xcassets; sourceTree = "<group>"; };
		BDAE19FB2A8A6B5300C06C69 /* Preview Assets.xcassets */ = {isa = PBXFileReference; lastKnownFileType = folder.assetcatalog; path = "Preview Assets.xcassets"; sourceTree = "<group>"; };
		BDAE1A012A8A6B5400C06C69 /* kwkTests.xctest */ = {isa = PBXFileReference; explicitFileType = wrapper.cfbundle; includeInIndex = 0; path = kwkTests.xctest; sourceTree = BUILT_PRODUCTS_DIR; };
		BDAE1A052A8A6B5400C06C69 /* kwkTests.swift */ = {isa = PBXFileReference; lastKnownFileType = sourcecode.swift; path = kwkTests.swift; sourceTree = "<group>"; };
		BDAE1A0B2A8A6B5400C06C69 /* kwkUITests.xctest */ = {isa = PBXFileReference; explicitFileType = wrapper.cfbundle; includeInIndex = 0; path = kwkUITests.xctest; sourceTree = BUILT_PRODUCTS_DIR; };
		BDAE1A0F2A8A6B5400C06C69 /* kwkUITests.swift */ = {isa = PBXFileReference; lastKnownFileType = sourcecode.swift; path = kwkUITests.swift; sourceTree = "<group>"; };
		BDAE1A112A8A6B5400C06C69 /* kwkUITestsLaunchTests.swift */ = {isa = PBXFileReference; lastKnownFileType = sourcecode.swift; path = kwkUITestsLaunchTests.swift; sourceTree = "<group>"; };
/* End PBXFileReference section */

/* Begin PBXFrameworksBuildPhase section */
		BDAE19EE2A8A6B4E00C06C69 /* Frameworks */ = {
			isa = PBXFrameworksBuildPhase;
			buildActionMask = 2147483647;
			files = (
			);
			runOnlyForDeploymentPostprocessing = 0;
		};
		BDAE19FE2A8A6B5400C06C69 /* Frameworks */ = {
			isa = PBXFrameworksBuildPhase;
			buildActionMask = 2147483647;
			files = (
			);
			runOnlyForDeploymentPostprocessing = 0;
		};
		BDAE1A082A8A6B5400C06C69 /* Frameworks */ = {
			isa = PBXFrameworksBuildPhase;
			buildActionMask = 2147483647;
			files = (
			);
			runOnlyForDeploymentPostprocessing = 0;
		};
/* End PBXFrameworksBuildPhase section */

/* Begin PBXGroup section */
		BDAE19E82A8A6B4E00C06C69 = {
			isa = PBXGroup;
			children = (
				BDAE19F32A8A6B4E00C06C69 /* kwk */,
				BDAE1A042A8A6B5400C06C69 /* kwkTests */,
				BDAE1A0E2A8A6B5400C06C69 /* kwkUITests */,
				BDAE19F22A8A6B4E00C06C69 /* Products */,
			);
			sourceTree = "<group>";
		};
		BDAE19F22A8A6B4E00C06C69 /* Products */ = {
			isa = PBXGroup;
			children = (
				BDAE19F12A8A6B4E00C06C69 /* kwk.app */,
				BDAE1A012A8A6B5400C06C69 /* kwkTests.xctest */,
				BDAE1A0B2A8A6B5400C06C69 /* kwkUITests.xctest */,
			);
			name = Products;
			sourceTree = "<group>";
		};
		BDAE19F32A8A6B4E00C06C69 /* kwk */ = {
			isa = PBXGroup;
			children = (
				BDAE19F42A8A6B4E00C06C69 /* kwkApp.swift */,
				BDAE19F62A8A6B4E00C06C69 /* ContentView.swift */,
				BDAE19F82A8A6B5300C06C69 /* Assets.xcassets */,
				BDAE19FA2A8A6B5300C06C69 /* Preview Content */,
			);
			path = kwk;
			sourceTree = "<group>";
		};
		BDAE19FA2A8A6B5300C06C69 /* Preview Content */ = {
			isa = PBXGroup;
			children = (
				BDAE19FB2A8A6B5300C06C69 /* Preview Assets.xcassets */,
			);
			path = "Preview Content";
			sourceTree = "<group>";
		};
		BDAE1A042A8A6B5400C06C69 /* kwkTests */ = {
			isa = PBXGroup;
			children = (
				BDAE1A052A8A6B5400C06C69 /* kwkTests.swift */,
			);
			path = kwkTests;
			sourceTree = "<group>";
		};
		BDAE1A0E2A8A6B5400C06C69 /* kwkUITests */ = {
			isa = PBXGroup;
			children = (
				BDAE1A0F2A8A6B5400C06C69 /* kwkUITests.swift */,
				BDAE1A112A8A6B5400C06C69 /* kwkUITestsLaunchTests.swift */,
			);
			path = kwkUITests;
			sourceTree = "<group>";
		};
/* End PBXGroup section */

/* Begin PBXNativeTarget section */
		BDAE19F02A8A6B4E00C06C69 /* kwk */ = {
			isa = PBXNativeTarget;
			buildConfigurationList = BDAE1A152A8A6B5400C06C69 /* Build configuration list for PBXNativeTarget "kwk" */;
			buildPhases = (
				BDAE19ED2A8A6B4E00C06C69 /* Sources */,
				BDAE19EE2A8A6B4E00C06C69 /* Frameworks */,
				BDAE19EF2A8A6B4E00C06C69 /* Resources */,
			);
			buildRules = (
			);
			dependencies = (
			);
			name = kwk;
			productName = kwk;
			productReference = BDAE19F12A8A6B4E00C06C69 /* kwk.app */;
			productType = "com.apple.product-type.application";
		};
		BDAE1A002A8A6B5400C06C69 /* kwkTests */ = {
			isa = PBXNativeTarget;
			buildConfigurationList = BDAE1A182A8A6B5400C06C69 /* Build configuration list for PBXNativeTarget "kwkTests" */;
			buildPhases = (
				BDAE19FD2A8A6B5400C06C69 /* Sources */,
				BDAE19FE2A8A6B5400C06C69 /* Frameworks */,
				BDAE19FF2A8A6B5400C06C69 /* Resources */,
			);
			buildRules = (
			);
			dependencies = (
				BDAE1A032A8A6B5400C06C69 /* PBXTargetDependency */,
			);
			name = kwkTests;
			productName = kwkTests;
			productReference = BDAE1A012A8A6B5400C06C69 /* kwkTests.xctest */;
			productType = "com.apple.product-type.bundle.unit-test";
		};
		BDAE1A0A2A8A6B5400C06C69 /* kwkUITests */ = {
			isa = PBXNativeTarget;
			buildConfigurationList = BDAE1A1B2A8A6B5400C06C69 /* Build configuration list for PBXNativeTarget "kwkUITests" */;
			buildPhases = (
				BDAE1A072A8A6B5400C06C69 /* Sources */,
				BDAE1A082A8A6B5400C06C69 /* Frameworks */,
				BDAE1A092A8A6B5400C06C69 /* Resources */,
			);
			buildRules = (
			);
			dependencies = (
				BDAE1A0D2A8A6B5400C06C69 /* PBXTargetDependency */,
			);
			name = kwkUITests;
			productName = kwkUITests;
			productReference = BDAE1A0B2A8A6B5400C06C69 /* kwkUITests.xctest */;
			productType = "com.apple.product-type.bundle.ui-testing";
		};
/* End PBXNativeTarget section */

/* Begin PBXProject section */
		BDAE19E92A8A6B4E00C06C69 /* Project object */ = {
			isa = PBXProject;
			attributes = {
				BuildIndependentTargetsInParallel = 1;
				LastSwiftUpdateCheck = 1430;
				LastUpgradeCheck = 1430;
				TargetAttributes = {
					BDAE19F02A8A6B4E00C06C69 = {
						CreatedOnToolsVersion = 14.3.1;
					};
					BDAE1A002A8A6B5400C06C69 = {
						CreatedOnToolsVersion = 14.3.1;
						TestTargetID = BDAE19F02A8A6B4E00C06C69;
					};
					BDAE1A0A2A8A6B5400C06C69 = {
						CreatedOnToolsVersion = 14.3.1;
						TestTargetID = BDAE19F02A8A6B4E00C06C69;
					};
				};
			};
			buildConfigurationList = BDAE19EC2A8A6B4E00C06C69 /* Build configuration list for PBXProject "kwk" */;
			compatibilityVersion = "Xcode 14.0";
			developmentRegion = en;
			hasScannedForEncodings = 0;
			knownRegions = (
				en,
				Base,
			);
			mainGroup = BDAE19E82A8A6B4E00C06C69;
			productRefGroup = BDAE19F22A8A6B4E00C06C69 /* Products */;
			projectDirPath = "";
			projectRoot = "";
			targets = (
				BDAE19F02A8A6B4E00C06C69 /* kwk */,
				BDAE1A002A8A6B5400C06C69 /* kwkTests */,
				BDAE1A0A2A8A6B5400C06C69 /* kwkUITests */,
			);
		};
/* End PBXProject section */

/* Begin PBXResourcesBuildPhase section */
		BDAE19EF2A8A6B4E00C06C69 /* Resources */ = {
			isa = PBXResourcesBuildPhase;
			buildActionMask = 2147483647;
			files = (
				BDAE19FC2A8A6B5300C06C69 /* Preview Assets.xcassets in Resources */,
				BDAE19F92A8A6B5300C06C69 /* Assets.xcassets in Resources */,
			);
			runOnlyForDeploymentPostprocessing = 0;
		};
		BDAE19FF2A8A6B5400C06C69 /* Resources */ = {
			isa = PBXResourcesBuildPhase;
			buildActionMask = 2147483647;
			files = (
			);
			runOnlyForDeploymentPostprocessing = 0;
		};
		BDAE1A092A8A6B5400C06C69 /* Resources */ = {
			isa = PBXResourcesBuildPhase;
			buildActionMask = 2147483647;
			files = (
			);
			runOnlyForDeploymentPostprocessing = 0;
		};
/* End PBXResourcesBuildPhase section */

/* Begin PBXSourcesBuildPhase section */
		BDAE19ED2A8A6B4E00C06C69 /* Sources */ = {
			isa = PBXSourcesBuildPhase;
			buildActionMask = 2147483647;
			files = (
				BDAE19F72A8A6B4E00C06C69 /* ContentView.swift in Sources */,
				BDAE19F52A8A6B4E00C06C69 /* kwkApp.swift in Sources */,
			);
			runOnlyForDeploymentPostprocessing = 0;
		};
		BDAE19FD2A8A6B5400C06C69 /* Sources */ = {
			isa = PBXSourcesBuildPhase;
			buildActionMask = 2147483647;
			files = (
				BDAE1A062A8A6B5400C06C69 /* kwkTests.swift in Sources */,
			);
			runOnlyForDeploymentPostprocessing = 0;
		};
		BDAE1A072A8A6B5400C06C69 /* Sources */ = {
			isa = PBXSourcesBuildPhase;
			buildActionMask = 2147483647;
			files = (
				BDAE1A122A8A6B5400C06C69 /* kwkUITestsLaunchTests.swift in Sources */,
				BDAE1A102A8A6B5400C06C69 /* kwkUITests.swift in Sources */,
			);
			runOnlyForDeploymentPostprocessing = 0;
		};
/* End PBXSourcesBuildPhase section */

/* Begin PBXTargetDependency section */
		BDAE1A032A8A6B5400C06C69 /* PBXTargetDependency */ = {
			isa = PBXTargetDependency;
			target = BDAE19F02A8A6B4E00C06C69 /* kwk */;
			targetProxy = BDAE1A022A8A6B5400C06C69 /* PBXContainerItemProxy */;
		};
		BDAE1A0D2A8A6B5400C06C69 /* PBXTargetDependency */ = {
			isa = PBXTargetDependency;
			target = BDAE19F02A8A6B4E00C06C69 /* kwk */;
			targetProxy = BDAE1A0C2A8A6B5400C06C69 /* PBXContainerItemProxy */;
		};
/* End PBXTargetDependency section */

/* Begin XCBuildConfiguration section */
		BDAE1A132A8A6B5400C06C69 /* Debug */ = {
			isa = XCBuildConfiguration;
			buildSettings = {
				ALWAYS_SEARCH_USER_PATHS = NO;
				CLANG_ANALYZER_NONNULL = YES;
				CLANG_ANALYZER_NUMBER_OBJECT_CONVERSION = YES_AGGRESSIVE;
				CLANG_CXX_LANGUAGE_STANDARD = "gnu++20";
				CLANG_ENABLE_MODULES = YES;
				CLANG_ENABLE_OBJC_ARC = YES;
				CLANG_ENABLE_OBJC_WEAK = YES;
				CLANG_WARN_BLOCK_CAPTURE_AUTORELEASING = YES;
				CLANG_WARN_BOOL_CONVERSION = YES;
				CLANG_WARN_COMMA = YES;
				CLANG_WARN_CONSTANT_CONVERSION = YES;
				CLANG_WARN_DEPRECATED_OBJC_IMPLEMENTATIONS = YES;
				CLANG_WARN_DIRECT_OBJC_ISA_USAGE = YES_ERROR;
				CLANG_WARN_DOCUMENTATION_COMMENTS = YES;
				CLANG_WARN_EMPTY_BODY = YES;
				CLANG_WARN_ENUM_CONVERSION = YES;
				CLANG_WARN_INFINITE_RECURSION = YES;
				CLANG_WARN_INT_CONVERSION = YES;
				CLANG_WARN_NON_LITERAL_NULL_CONVERSION = YES;
				CLANG_WARN_OBJC_IMPLICIT_RETAIN_SELF = YES;
				CLANG_WARN_OBJC_LITERAL_CONVERSION = YES;
				CLANG_WARN_OBJC_ROOT_CLASS = YES_ERROR;
				CLANG_WARN_QUOTED_INCLUDE_IN_FRAMEWORK_HEADER = YES;
				CLANG_WARN_RANGE_LOOP_ANALYSIS = YES;
				CLANG_WARN_STRICT_PROTOTYPES = YES;
				CLANG_WARN_SUSPICIOUS_MOVE = YES;
				CLANG_WARN_UNGUARDED_AVAILABILITY = YES_AGGRESSIVE;
				CLANG_WARN_UNREACHABLE_CODE = YES;
				CLANG_WARN__DUPLICATE_METHOD_MATCH = YES;
				COPY_PHASE_STRIP = NO;
				DEBUG_INFORMATION_FORMAT = dwarf;
				ENABLE_STRICT_OBJC_MSGSEND = YES;
				ENABLE_TESTABILITY = YES;
				GCC_C_LANGUAGE_STANDARD = gnu11;
				GCC_DYNAMIC_NO_PIC = NO;
				GCC_NO_COMMON_BLOCKS = YES;
				GCC_OPTIMIZATION_LEVEL = 0;
				GCC_PREPROCESSOR_DEFINITIONS = (
					"DEBUG=1",
					"$(inherited)",
				);
				GCC_WARN_64_TO_32_BIT_CONVERSION = YES;
				GCC_WARN_ABOUT_RETURN_TYPE = YES_ERROR;
				GCC_WARN_UNDECLARED_SELECTOR = YES;
				GCC_WARN_UNINITIALIZED_AUTOS = YES_AGGRESSIVE;
				GCC_WARN_UNUSED_FUNCTION = YES;
				GCC_WARN_UNUSED_VARIABLE = YES;
				IPHONEOS_DEPLOYMENT_TARGET = 16.4;
				MTL_ENABLE_DEBUG_INFO = INCLUDE_SOURCE;
				MTL_FAST_MATH = YES;
				ONLY_ACTIVE_ARCH = YES;
				SDKROOT = iphoneos;
				SWIFT_ACTIVE_COMPILATION_CONDITIONS = DEBUG;
				SWIFT_OPTIMIZATION_LEVEL = "-Onone";
			};
			name = Debug;
		};
		BDAE1A142A8A6B5400C06C69 /* Release */ = {
			isa = XCBuildConfiguration;
			buildSettings = {
				ALWAYS_SEARCH_USER_PATHS = NO;
				CLANG_ANALYZER_NONNULL = YES;
				CLANG_ANALYZER_NUMBER_OBJECT_CONVERSION = YES_AGGRESSIVE;
				CLANG_CXX_LANGUAGE_STANDARD = "gnu++20";
				CLANG_ENABLE_MODULES = YES;
				CLANG_ENABLE_OBJC_ARC = YES;
				CLANG_ENABLE_OBJC_WEAK = YES;
				CLANG_WARN_BLOCK_CAPTURE_AUTORELEASING = YES;
				CLANG_WARN_BOOL_CONVERSION = YES;
				CLANG_WARN_COMMA = YES;
				CLANG_WARN_CONSTANT_CONVERSION = YES;
				CLANG_WARN_DEPRECATED_OBJC_IMPLEMENTATIONS = YES;
				CLANG_WARN_DIRECT_OBJC_ISA_USAGE = YES_ERROR;
				CLANG_WARN_DOCUMENTATION_COMMENTS = YES;
				CLANG_WARN_EMPTY_BODY = YES;
				CLANG_WARN_ENUM_CONVERSION = YES;
				CLANG_WARN_INFINITE_RECURSION = YES;
				CLANG_WARN_INT_CONVERSION = YES;
				CLANG_WARN_NON_LITERAL_NULL_CONVERSION = YES;
				CLANG_WARN_OBJC_IMPLICIT_RETAIN_SELF = YES;
				CLANG_WARN_OBJC_LITERAL_CONVERSION = YES;
				CLANG_WARN_OBJC_ROOT_CLASS = YES_ERROR;
				CLANG_WARN_QUOTED_INCLUDE_IN_FRAMEWORK_HEADER = YES;
				CLANG_WARN_RANGE_LOOP_ANALYSIS = YES;
				CLANG_WARN_STRICT_PROTOTYPES = YES;
				CLANG_WARN_SUSPICIOUS_MOVE = YES;
				CLANG_WARN_UNGUARDED_AVAILABILITY = YES_AGGRESSIVE;
				CLANG_WARN_UNREACHABLE_CODE = YES;
				CLANG_WARN__DUPLICATE_METHOD_MATCH = YES;
				COPY_PHASE_STRIP = NO;
				DEBUG_INFORMATION_FORMAT = "dwarf-with-dsym";
				ENABLE_NS_ASSERTIONS = NO;
				ENABLE_STRICT_OBJC_MSGSEND = YES;
				GCC_C_LANGUAGE_STANDARD = gnu11;
				GCC_NO_COMMON_BLOCKS = YES;
				GCC_WARN_64_TO_32_BIT_CONVERSION = YES;
				GCC_WARN_ABOUT_RETURN_TYPE = YES_ERROR;
				GCC_WARN_UNDECLARED_SELECTOR = YES;
				GCC_WARN_UNINITIALIZED_AUTOS = YES_AGGRESSIVE;
				GCC_WARN_UNUSED_FUNCTION = YES;
				GCC_WARN_UNUSED_VARIABLE = YES;
				IPHONEOS_DEPLOYMENT_TARGET = 16.4;
				MTL_ENABLE_DEBUG_INFO = NO;
				MTL_FAST_MATH = YES;
				SDKROOT = iphoneos;
				SWIFT_COMPILATION_MODE = wholemodule;
				SWIFT_OPTIMIZATION_LEVEL = "-O";
				VALIDATE_PRODUCT = YES;
			};
			name = Release;
		};
		BDAE1A162A8A6B5400C06C69 /* Debug */ = {
			isa = XCBuildConfiguration;
			buildSettings = {
				ASSETCATALOG_COMPILER_APPICON_NAME = AppIcon;
				ASSETCATALOG_COMPILER_GLOBAL_ACCENT_COLOR_NAME = AccentColor;
				CODE_SIGN_STYLE = Automatic;
				CURRENT_PROJECT_VERSION = 1;
				DEVELOPMENT_ASSET_PATHS = "\"kwk/Preview Content\"";
				ENABLE_PREVIEWS = YES;
				GENERATE_INFOPLIST_FILE = YES;
				INFOPLIST_KEY_UIApplicationSceneManifest_Generation = YES;
				INFOPLIST_KEY_UIApplicationSupportsIndirectInputEvents = YES;
				INFOPLIST_KEY_UILaunchScreen_Generation = YES;
				INFOPLIST_KEY_UISupportedInterfaceOrientations_iPad = "UIInterfaceOrientationPortrait UIInterfaceOrientationPortraitUpsideDown UIInterfaceOrientationLandscapeLeft UIInterfaceOrientationLandscapeRight";
				INFOPLIST_KEY_UISupportedInterfaceOrientations_iPhone = "UIInterfaceOrientationPortrait UIInterfaceOrientationLandscapeLeft UIInterfaceOrientationLandscapeRight";
				LD_RUNPATH_SEARCH_PATHS = (
					"$(inherited)",
					"@executable_path/Frameworks",
				);
				MARKETING_VERSION = 1.0;
				PRODUCT_BUNDLE_IDENTIFIER = kwk.kwk;
				PRODUCT_NAME = "$(TARGET_NAME)";
				SWIFT_EMIT_LOC_STRINGS = YES;
				SWIFT_VERSION = 5.0;
				TARGETED_DEVICE_FAMILY = "1,2";
			};
			name = Debug;
		};
		BDAE1A172A8A6B5400C06C69 /* Release */ = {
			isa = XCBuildConfiguration;
			buildSettings = {
				ASSETCATALOG_COMPILER_APPICON_NAME = AppIcon;
				ASSETCATALOG_COMPILER_GLOBAL_ACCENT_COLOR_NAME = AccentColor;
				CODE_SIGN_STYLE = Automatic;
				CURRENT_PROJECT_VERSION = 1;
				DEVELOPMENT_ASSET_PATHS = "\"kwk/Preview Content\"";
				ENABLE_PREVIEWS = YES;
				GENERATE_INFOPLIST_FILE = YES;
				INFOPLIST_KEY_UIApplicationSceneManifest_Generation = YES;
				INFOPLIST_KEY_UIApplicationSupportsIndirectInputEvents = YES;
				INFOPLIST_KEY_UILaunchScreen_Generation = YES;
				INFOPLIST_KEY_UISupportedInterfaceOrientations_iPad = "UIInterfaceOrientationPortrait UIInterfaceOrientationPortraitUpsideDown UIInterfaceOrientationLandscapeLeft UIInterfaceOrientationLandscapeRight";
				INFOPLIST_KEY_UISupportedInterfaceOrientations_iPhone = "UIInterfaceOrientationPortrait UIInterfaceOrientationLandscapeLeft UIInterfaceOrientationLandscapeRight";
				LD_RUNPATH_SEARCH_PATHS = (
					"$(inherited)",
					"@executable_path/Frameworks",
				);
				MARKETING_VERSION = 1.0;
				PRODUCT_BUNDLE_IDENTIFIER = kwk.kwk;
				PRODUCT_NAME = "$(TARGET_NAME)";
				SWIFT_EMIT_LOC_STRINGS = YES;
				SWIFT_VERSION = 5.0;
				TARGETED_DEVICE_FAMILY = "1,2";
			};
			name = Release;
		};
		BDAE1A192A8A6B5400C06C69 /* Debug */ = {
			isa = XCBuildConfiguration;
			buildSettings = {
				ALWAYS_EMBED_SWIFT_STANDARD_LIBRARIES = YES;
				BUNDLE_LOADER = "$(TEST_HOST)";
				CODE_SIGN_STYLE = Automatic;
				CURRENT_PROJECT_VERSION = 1;
				GENERATE_INFOPLIST_FILE = YES;
				IPHONEOS_DEPLOYMENT_TARGET = 16.4;
				MARKETING_VERSION = 1.0;
				PRODUCT_BUNDLE_IDENTIFIER = kwk.kwkTests;
				PRODUCT_NAME = "$(TARGET_NAME)";
				SWIFT_EMIT_LOC_STRINGS = NO;
				SWIFT_VERSION = 5.0;
				TARGETED_DEVICE_FAMILY = "1,2";
				TEST_HOST = "$(BUILT_PRODUCTS_DIR)/kwk.app/$(BUNDLE_EXECUTABLE_FOLDER_PATH)/kwk";
			};
			name = Debug;
		};
		BDAE1A1A2A8A6B5400C06C69 /* Release */ = {
			isa = XCBuildConfiguration;
			buildSettings = {
				ALWAYS_EMBED_SWIFT_STANDARD_LIBRARIES = YES;
				BUNDLE_LOADER = "$(TEST_HOST)";
				CODE_SIGN_STYLE = Automatic;
				CURRENT_PROJECT_VERSION = 1;
				GENERATE_INFOPLIST_FILE = YES;
				IPHONEOS_DEPLOYMENT_TARGET = 16.4;
				MARKETING_VERSION = 1.0;
				PRODUCT_BUNDLE_IDENTIFIER = kwk.kwkTests;
				PRODUCT_NAME = "$(TARGET_NAME)";
				SWIFT_EMIT_LOC_STRINGS = NO;
				SWIFT_VERSION = 5.0;
				TARGETED_DEVICE_FAMILY = "1,2";
				TEST_HOST = "$(BUILT_PRODUCTS_DIR)/kwk.app/$(BUNDLE_EXECUTABLE_FOLDER_PATH)/kwk";
			};
			name = Release;
		};
		BDAE1A1C2A8A6B5400C06C69 /* Debug */ = {
			isa = XCBuildConfiguration;
			buildSettings = {
				ALWAYS_EMBED_SWIFT_STANDARD_LIBRARIES = YES;
				CODE_SIGN_STYLE = Automatic;
				CURRENT_PROJECT_VERSION = 1;
				GENERATE_INFOPLIST_FILE = YES;
				MARKETING_VERSION = 1.0;
				PRODUCT_BUNDLE_IDENTIFIER = kwk.kwkUITests;
				PRODUCT_NAME = "$(TARGET_NAME)";
				SWIFT_EMIT_LOC_STRINGS = NO;
				SWIFT_VERSION = 5.0;
				TARGETED_DEVICE_FAMILY = "1,2";
				TEST_TARGET_NAME = kwk;
			};
			name = Debug;
		};
		BDAE1A1D2A8A6B5400C06C69 /* Release */ = {
			isa = XCBuildConfiguration;
			buildSettings = {
				ALWAYS_EMBED_SWIFT_STANDARD_LIBRARIES = YES;
				CODE_SIGN_STYLE = Automatic;
				CURRENT_PROJECT_VERSION = 1;
				GENERATE_INFOPLIST_FILE = YES;
				MARKETING_VERSION = 1.0;
				PRODUCT_BUNDLE_IDENTIFIER = kwk.kwkUITests;
				PRODUCT_NAME = "$(TARGET_NAME)";
				SWIFT_EMIT_LOC_STRINGS = NO;
				SWIFT_VERSION = 5.0;
				TARGETED_DEVICE_FAMILY = "1,2";
				TEST_TARGET_NAME = kwk;
			};
			name = Release;
		};
/* End XCBuildConfiguration section */

/* Begin XCConfigurationList section */
		BDAE19EC2A8A6B4E00C06C69 /* Build configuration list for PBXProject "kwk" */ = {
			isa = XCConfigurationList;
			buildConfigurations = (
				BDAE1A132A8A6B5400C06C69 /* Debug */,
				BDAE1A142A8A6B5400C06C69 /* Release */,
			);
			defaultConfigurationIsVisible = 0;
			defaultConfigurationName = Release;
		};
		BDAE1A152A8A6B5400C06C69 /* Build configuration list for PBXNativeTarget "kwk" */ = {
			isa = XCConfigurationList;
			buildConfigurations = (
				BDAE1A162A8A6B5400C06C69 /* Debug */,
				BDAE1A172A8A6B5400C06C69 /* Release */,
			);
			defaultConfigurationIsVisible = 0;
			defaultConfigurationName = Release;
		};
		BDAE1A182A8A6B5400C06C69 /* Build configuration list for PBXNativeTarget "kwkTests" */ = {
			isa = XCConfigurationList;
			buildConfigurations = (
				BDAE1A192A8A6B5400C06C69 /* Debug */,
				BDAE1A1A2A8A6B5400C06C69 /* Release */,
			);
			defaultConfigurationIsVisible = 0;
			defaultConfigurationName = Release;
		};
		BDAE1A1B2A8A6B5400C06C69 /* Build configuration list for PBXNativeTarget "kwkUITests" */ = {
			isa = XCConfigurationList;
			buildConfigurations = (
				BDAE1A1C2A8A6B5400C06C69 /* Debug */,
				BDAE1A1D2A8A6B5400C06C69 /* Release */,
			);
			defaultConfigurationIsVisible = 0;
			defaultConfigurationName = Release;
		};
/* End XCConfigurationList section */
	};
	rootObject = BDAE19E92A8A6B4E00C06C69 /* Project object */;
}
